// !$*UTF8*$!
{
	archiveVersion = 1;
	classes = {
	};
	objectVersion = 51;
	objects = {

/* Begin PBXBuildFile section */
		260315488B4A2C7443BF34C6 /* Pods_crosswordTests.framework in Frameworks */ = {isa = PBXBuildFile; fileRef = 6900BD622EC74BEFFC633BB5 /* Pods_crosswordTests.framework */; };
		50400ED1096DF13C490CDFF8 /* Pods_crossword_crosswordUITests.framework in Frameworks */ = {isa = PBXBuildFile; fileRef = 7F5404D41A9AA5765D9CD3AA /* Pods_crossword_crosswordUITests.framework */; };
		AD17F051244D367500CA04FC /* FirebaseAuth.swift in Sources */ = {isa = PBXBuildFile; fileRef = AD17F050244D367500CA04FC /* FirebaseAuth.swift */; };
		AD17F053244D379F00CA04FC /* User.swift in Sources */ = {isa = PBXBuildFile; fileRef = AD17F052244D379F00CA04FC /* User.swift */; };
		AD17F055244D425B00CA04FC /* LoginView.swift in Sources */ = {isa = PBXBuildFile; fileRef = AD17F054244D425B00CA04FC /* LoginView.swift */; };
		AD17F057244E751500CA04FC /* HomeView.swift in Sources */ = {isa = PBXBuildFile; fileRef = AD17F056244E751500CA04FC /* HomeView.swift */; };
		AD17F0592450D3B700CA04FC /* ValidationHelper.swift in Sources */ = {isa = PBXBuildFile; fileRef = AD17F0582450D3B700CA04FC /* ValidationHelper.swift */; };
		AD17F05F2456262E00CA04FC /* LabelledDivider.swift in Sources */ = {isa = PBXBuildFile; fileRef = AD17F05E2456262E00CA04FC /* LabelledDivider.swift */; };
		AD17F0612456513600CA04FC /* ActivityIndicator.swift in Sources */ = {isa = PBXBuildFile; fileRef = AD17F0602456513600CA04FC /* ActivityIndicator.swift */; };
		AD17F0632456A59100CA04FC /* ResetPasswordView.swift in Sources */ = {isa = PBXBuildFile; fileRef = AD17F0622456A59100CA04FC /* ResetPasswordView.swift */; };
		AD17F0652456AAA400CA04FC /* SignUpView.swift in Sources */ = {isa = PBXBuildFile; fileRef = AD17F0642456AAA400CA04FC /* SignUpView.swift */; };
		AD17F0692457A4EC00CA04FC /* Constants.swift in Sources */ = {isa = PBXBuildFile; fileRef = AD17F0682457A4EB00CA04FC /* Constants.swift */; };
		AD17F06B2457A73A00CA04FC /* AppData.swift in Sources */ = {isa = PBXBuildFile; fileRef = AD17F06A2457A73A00CA04FC /* AppData.swift */; };
		AD17F06D2457F7A400CA04FC /* HomeVM.swift in Sources */ = {isa = PBXBuildFile; fileRef = AD17F06C2457F7A400CA04FC /* HomeVM.swift */; };
		AD17F06F2457F7B200CA04FC /* LoginVM.swift in Sources */ = {isa = PBXBuildFile; fileRef = AD17F06E2457F7B200CA04FC /* LoginVM.swift */; };
		AD17F0712457F7C600CA04FC /* ResetPasswordVM.swift in Sources */ = {isa = PBXBuildFile; fileRef = AD17F0702457F7C600CA04FC /* ResetPasswordVM.swift */; };
		AD17F0732457F7CF00CA04FC /* RootVM.swift in Sources */ = {isa = PBXBuildFile; fileRef = AD17F0722457F7CF00CA04FC /* RootVM.swift */; };
		AD17F0752457F7EA00CA04FC /* SignUpVM.swift in Sources */ = {isa = PBXBuildFile; fileRef = AD17F0742457F7EA00CA04FC /* SignUpVM.swift */; };
		AD6F96BF2446604C007F14F9 /* AppDelegate.swift in Sources */ = {isa = PBXBuildFile; fileRef = AD6F96BE2446604C007F14F9 /* AppDelegate.swift */; };
		AD6F96C12446604C007F14F9 /* SceneDelegate.swift in Sources */ = {isa = PBXBuildFile; fileRef = AD6F96C02446604C007F14F9 /* SceneDelegate.swift */; };
		AD6F96C32446604C007F14F9 /* RootView.swift in Sources */ = {isa = PBXBuildFile; fileRef = AD6F96C22446604C007F14F9 /* RootView.swift */; };
		AD6F96C52446604D007F14F9 /* Assets.xcassets in Resources */ = {isa = PBXBuildFile; fileRef = AD6F96C42446604D007F14F9 /* Assets.xcassets */; };
		AD6F96C82446604D007F14F9 /* Preview Assets.xcassets in Resources */ = {isa = PBXBuildFile; fileRef = AD6F96C72446604D007F14F9 /* Preview Assets.xcassets */; };
		AD6F96CB2446604D007F14F9 /* LaunchScreen.storyboard in Resources */ = {isa = PBXBuildFile; fileRef = AD6F96C92446604D007F14F9 /* LaunchScreen.storyboard */; };
		AD6F96D62446604D007F14F9 /* crosswordTests.swift in Sources */ = {isa = PBXBuildFile; fileRef = AD6F96D52446604D007F14F9 /* crosswordTests.swift */; };
		AD6F96E12446604D007F14F9 /* crosswordUITests.swift in Sources */ = {isa = PBXBuildFile; fileRef = AD6F96E02446604D007F14F9 /* crosswordUITests.swift */; };
		ADCA2418245EB71D000531E4 /* CrosswordView.swift in Sources */ = {isa = PBXBuildFile; fileRef = ADCA2417245EB71D000531E4 /* CrosswordView.swift */; };
		ADCA241A245EB73E000531E4 /* CrosswordVM.swift in Sources */ = {isa = PBXBuildFile; fileRef = ADCA2419245EB73E000531E4 /* CrosswordVM.swift */; };
		ADCA241C245EB74D000531E4 /* CrosswordState.swift in Sources */ = {isa = PBXBuildFile; fileRef = ADCA241B245EB74D000531E4 /* CrosswordState.swift */; };
		ADCA2422245FF64D000531E4 /* CrosswordScheme.swift in Sources */ = {isa = PBXBuildFile; fileRef = ADCA2421245FF64D000531E4 /* CrosswordScheme.swift */; };
		ADDD13A7246F4F1C003BC8E9 /* CrosswordTile.swift in Sources */ = {isa = PBXBuildFile; fileRef = ADDD13A6246F4F1C003BC8E9 /* CrosswordTile.swift */; };
		ADDD13A92470EB6C003BC8E9 /* TileLoc.swift in Sources */ = {isa = PBXBuildFile; fileRef = ADDD13A82470EB6C003BC8E9 /* TileLoc.swift */; };
		ADF6DFE8244CC5E800A3B5E3 /* GoogleService-Info.plist in Resources */ = {isa = PBXBuildFile; fileRef = ADF6DFE7244CC5E800A3B5E3 /* GoogleService-Info.plist */; };
		ADF6DFE9244CC5E800A3B5E3 /* GoogleService-Info.plist in Resources */ = {isa = PBXBuildFile; fileRef = ADF6DFE7244CC5E800A3B5E3 /* GoogleService-Info.plist */; };
		ADF6DFEA244CC5E800A3B5E3 /* GoogleService-Info.plist in Resources */ = {isa = PBXBuildFile; fileRef = ADF6DFE7244CC5E800A3B5E3 /* GoogleService-Info.plist */; };
		BFAA63DFA56A58FCC7EFDC49 /* Pods_crossword.framework in Frameworks */ = {isa = PBXBuildFile; fileRef = 3C2B22A84A8BF047CE0D559D /* Pods_crossword.framework */; };
/* End PBXBuildFile section */

/* Begin PBXContainerItemProxy section */
		AD6F96D22446604D007F14F9 /* PBXContainerItemProxy */ = {
			isa = PBXContainerItemProxy;
			containerPortal = AD6F96B32446604C007F14F9 /* Project object */;
			proxyType = 1;
			remoteGlobalIDString = AD6F96BA2446604C007F14F9;
			remoteInfo = crossword;
		};
		AD6F96DD2446604D007F14F9 /* PBXContainerItemProxy */ = {
			isa = PBXContainerItemProxy;
			containerPortal = AD6F96B32446604C007F14F9 /* Project object */;
			proxyType = 1;
			remoteGlobalIDString = AD6F96BA2446604C007F14F9;
			remoteInfo = crossword;
		};
/* End PBXContainerItemProxy section */

/* Begin PBXFileReference section */
		051B94165EFAC3BA6295886A /* Pods-crossword.release.xcconfig */ = {isa = PBXFileReference; includeInIndex = 1; lastKnownFileType = text.xcconfig; name = "Pods-crossword.release.xcconfig"; path = "Target Support Files/Pods-crossword/Pods-crossword.release.xcconfig"; sourceTree = "<group>"; };
		3C2B22A84A8BF047CE0D559D /* Pods_crossword.framework */ = {isa = PBXFileReference; explicitFileType = wrapper.framework; includeInIndex = 0; path = Pods_crossword.framework; sourceTree = BUILT_PRODUCTS_DIR; };
		3F1F02229CD1B4805DA172ED /* Pods-crossword.debug.xcconfig */ = {isa = PBXFileReference; includeInIndex = 1; lastKnownFileType = text.xcconfig; name = "Pods-crossword.debug.xcconfig"; path = "Target Support Files/Pods-crossword/Pods-crossword.debug.xcconfig"; sourceTree = "<group>"; };
		598A7822B9E659F717BD9098 /* Pods-crosswordTests.release.xcconfig */ = {isa = PBXFileReference; includeInIndex = 1; lastKnownFileType = text.xcconfig; name = "Pods-crosswordTests.release.xcconfig"; path = "Target Support Files/Pods-crosswordTests/Pods-crosswordTests.release.xcconfig"; sourceTree = "<group>"; };
		5B0411CE632F927EE4932754 /* Pods-crosswordTests.debug.xcconfig */ = {isa = PBXFileReference; includeInIndex = 1; lastKnownFileType = text.xcconfig; name = "Pods-crosswordTests.debug.xcconfig"; path = "Target Support Files/Pods-crosswordTests/Pods-crosswordTests.debug.xcconfig"; sourceTree = "<group>"; };
		6900BD622EC74BEFFC633BB5 /* Pods_crosswordTests.framework */ = {isa = PBXFileReference; explicitFileType = wrapper.framework; includeInIndex = 0; path = Pods_crosswordTests.framework; sourceTree = BUILT_PRODUCTS_DIR; };
		741CBFD7044D6E1F194736AA /* Pods-crossword-crosswordUITests.release.xcconfig */ = {isa = PBXFileReference; includeInIndex = 1; lastKnownFileType = text.xcconfig; name = "Pods-crossword-crosswordUITests.release.xcconfig"; path = "Target Support Files/Pods-crossword-crosswordUITests/Pods-crossword-crosswordUITests.release.xcconfig"; sourceTree = "<group>"; };
		7F5404D41A9AA5765D9CD3AA /* Pods_crossword_crosswordUITests.framework */ = {isa = PBXFileReference; explicitFileType = wrapper.framework; includeInIndex = 0; path = Pods_crossword_crosswordUITests.framework; sourceTree = BUILT_PRODUCTS_DIR; };
		AD17F050244D367500CA04FC /* FirebaseAuth.swift */ = {isa = PBXFileReference; lastKnownFileType = sourcecode.swift; path = FirebaseAuth.swift; sourceTree = "<group>"; };
		AD17F052244D379F00CA04FC /* User.swift */ = {isa = PBXFileReference; lastKnownFileType = sourcecode.swift; path = User.swift; sourceTree = "<group>"; };
		AD17F054244D425B00CA04FC /* LoginView.swift */ = {isa = PBXFileReference; lastKnownFileType = sourcecode.swift; path = LoginView.swift; sourceTree = "<group>"; };
		AD17F056244E751500CA04FC /* HomeView.swift */ = {isa = PBXFileReference; lastKnownFileType = sourcecode.swift; path = HomeView.swift; sourceTree = "<group>"; };
		AD17F0582450D3B700CA04FC /* ValidationHelper.swift */ = {isa = PBXFileReference; lastKnownFileType = sourcecode.swift; path = ValidationHelper.swift; sourceTree = "<group>"; };
		AD17F05E2456262E00CA04FC /* LabelledDivider.swift */ = {isa = PBXFileReference; lastKnownFileType = sourcecode.swift; path = LabelledDivider.swift; sourceTree = "<group>"; };
		AD17F0602456513600CA04FC /* ActivityIndicator.swift */ = {isa = PBXFileReference; lastKnownFileType = sourcecode.swift; path = ActivityIndicator.swift; sourceTree = "<group>"; };
		AD17F0622456A59100CA04FC /* ResetPasswordView.swift */ = {isa = PBXFileReference; lastKnownFileType = sourcecode.swift; path = ResetPasswordView.swift; sourceTree = "<group>"; };
		AD17F0642456AAA400CA04FC /* SignUpView.swift */ = {isa = PBXFileReference; lastKnownFileType = sourcecode.swift; path = SignUpView.swift; sourceTree = "<group>"; };
		AD17F0682457A4EB00CA04FC /* Constants.swift */ = {isa = PBXFileReference; lastKnownFileType = sourcecode.swift; path = Constants.swift; sourceTree = "<group>"; };
		AD17F06A2457A73A00CA04FC /* AppData.swift */ = {isa = PBXFileReference; lastKnownFileType = sourcecode.swift; path = AppData.swift; sourceTree = "<group>"; };
		AD17F06C2457F7A400CA04FC /* HomeVM.swift */ = {isa = PBXFileReference; lastKnownFileType = sourcecode.swift; path = HomeVM.swift; sourceTree = "<group>"; };
		AD17F06E2457F7B200CA04FC /* LoginVM.swift */ = {isa = PBXFileReference; lastKnownFileType = sourcecode.swift; path = LoginVM.swift; sourceTree = "<group>"; };
		AD17F0702457F7C600CA04FC /* ResetPasswordVM.swift */ = {isa = PBXFileReference; lastKnownFileType = sourcecode.swift; path = ResetPasswordVM.swift; sourceTree = "<group>"; };
		AD17F0722457F7CF00CA04FC /* RootVM.swift */ = {isa = PBXFileReference; lastKnownFileType = sourcecode.swift; path = RootVM.swift; sourceTree = "<group>"; };
		AD17F0742457F7EA00CA04FC /* SignUpVM.swift */ = {isa = PBXFileReference; lastKnownFileType = sourcecode.swift; path = SignUpVM.swift; sourceTree = "<group>"; };
		AD6F96BB2446604C007F14F9 /* crossword.app */ = {isa = PBXFileReference; explicitFileType = wrapper.application; includeInIndex = 0; path = crossword.app; sourceTree = BUILT_PRODUCTS_DIR; };
		AD6F96BE2446604C007F14F9 /* AppDelegate.swift */ = {isa = PBXFileReference; lastKnownFileType = sourcecode.swift; path = AppDelegate.swift; sourceTree = "<group>"; };
		AD6F96C02446604C007F14F9 /* SceneDelegate.swift */ = {isa = PBXFileReference; lastKnownFileType = sourcecode.swift; path = SceneDelegate.swift; sourceTree = "<group>"; };
		AD6F96C22446604C007F14F9 /* RootView.swift */ = {isa = PBXFileReference; lastKnownFileType = sourcecode.swift; path = RootView.swift; sourceTree = "<group>"; };
		AD6F96C42446604D007F14F9 /* Assets.xcassets */ = {isa = PBXFileReference; lastKnownFileType = folder.assetcatalog; path = Assets.xcassets; sourceTree = "<group>"; };
		AD6F96C72446604D007F14F9 /* Preview Assets.xcassets */ = {isa = PBXFileReference; lastKnownFileType = folder.assetcatalog; path = "Preview Assets.xcassets"; sourceTree = "<group>"; };
		AD6F96CA2446604D007F14F9 /* Base */ = {isa = PBXFileReference; lastKnownFileType = file.storyboard; name = Base; path = Base.lproj/LaunchScreen.storyboard; sourceTree = "<group>"; };
		AD6F96CC2446604D007F14F9 /* Info.plist */ = {isa = PBXFileReference; lastKnownFileType = text.plist.xml; path = Info.plist; sourceTree = "<group>"; };
		AD6F96D12446604D007F14F9 /* crosswordTests.xctest */ = {isa = PBXFileReference; explicitFileType = wrapper.cfbundle; includeInIndex = 0; path = crosswordTests.xctest; sourceTree = BUILT_PRODUCTS_DIR; };
		AD6F96D52446604D007F14F9 /* crosswordTests.swift */ = {isa = PBXFileReference; lastKnownFileType = sourcecode.swift; path = crosswordTests.swift; sourceTree = "<group>"; };
		AD6F96D72446604D007F14F9 /* Info.plist */ = {isa = PBXFileReference; lastKnownFileType = text.plist.xml; path = Info.plist; sourceTree = "<group>"; };
		AD6F96DC2446604D007F14F9 /* crosswordUITests.xctest */ = {isa = PBXFileReference; explicitFileType = wrapper.cfbundle; includeInIndex = 0; path = crosswordUITests.xctest; sourceTree = BUILT_PRODUCTS_DIR; };
		AD6F96E02446604D007F14F9 /* crosswordUITests.swift */ = {isa = PBXFileReference; lastKnownFileType = sourcecode.swift; path = crosswordUITests.swift; sourceTree = "<group>"; };
		AD6F96E22446604D007F14F9 /* Info.plist */ = {isa = PBXFileReference; lastKnownFileType = text.plist.xml; path = Info.plist; sourceTree = "<group>"; };
		ADCA2417245EB71D000531E4 /* CrosswordView.swift */ = {isa = PBXFileReference; lastKnownFileType = sourcecode.swift; path = CrosswordView.swift; sourceTree = "<group>"; };
		ADCA2419245EB73E000531E4 /* CrosswordVM.swift */ = {isa = PBXFileReference; lastKnownFileType = sourcecode.swift; path = CrosswordVM.swift; sourceTree = "<group>"; };
		ADCA241B245EB74D000531E4 /* CrosswordState.swift */ = {isa = PBXFileReference; lastKnownFileType = sourcecode.swift; path = CrosswordState.swift; sourceTree = "<group>"; };
		ADCA2421245FF64D000531E4 /* CrosswordScheme.swift */ = {isa = PBXFileReference; lastKnownFileType = sourcecode.swift; path = CrosswordScheme.swift; sourceTree = "<group>"; };
		ADDD13A6246F4F1C003BC8E9 /* CrosswordTile.swift */ = {isa = PBXFileReference; lastKnownFileType = sourcecode.swift; path = CrosswordTile.swift; sourceTree = "<group>"; };
		ADDD13A82470EB6C003BC8E9 /* TileLoc.swift */ = {isa = PBXFileReference; lastKnownFileType = sourcecode.swift; path = TileLoc.swift; sourceTree = "<group>"; };
		ADF6DFE7244CC5E800A3B5E3 /* GoogleService-Info.plist */ = {isa = PBXFileReference; fileEncoding = 4; lastKnownFileType = text.plist.xml; path = "GoogleService-Info.plist"; sourceTree = "<group>"; };
		F385B66D3DE45F519CCBE722 /* Pods-crossword-crosswordUITests.debug.xcconfig */ = {isa = PBXFileReference; includeInIndex = 1; lastKnownFileType = text.xcconfig; name = "Pods-crossword-crosswordUITests.debug.xcconfig"; path = "Target Support Files/Pods-crossword-crosswordUITests/Pods-crossword-crosswordUITests.debug.xcconfig"; sourceTree = "<group>"; };
/* End PBXFileReference section */

/* Begin PBXFrameworksBuildPhase section */
		AD6F96B82446604C007F14F9 /* Frameworks */ = {
			isa = PBXFrameworksBuildPhase;
			buildActionMask = 2147483647;
			files = (
				BFAA63DFA56A58FCC7EFDC49 /* Pods_crossword.framework in Frameworks */,
			);
			runOnlyForDeploymentPostprocessing = 0;
		};
		AD6F96CE2446604D007F14F9 /* Frameworks */ = {
			isa = PBXFrameworksBuildPhase;
			buildActionMask = 2147483647;
			files = (
				260315488B4A2C7443BF34C6 /* Pods_crosswordTests.framework in Frameworks */,
			);
			runOnlyForDeploymentPostprocessing = 0;
		};
		AD6F96D92446604D007F14F9 /* Frameworks */ = {
			isa = PBXFrameworksBuildPhase;
			buildActionMask = 2147483647;
			files = (
				50400ED1096DF13C490CDFF8 /* Pods_crossword_crosswordUITests.framework in Frameworks */,
			);
			runOnlyForDeploymentPostprocessing = 0;
		};
/* End PBXFrameworksBuildPhase section */

/* Begin PBXGroup section */
		1EE99528529C0842D3AB26F7 /* Pods */ = {
			isa = PBXGroup;
			children = (
				3F1F02229CD1B4805DA172ED /* Pods-crossword.debug.xcconfig */,
				051B94165EFAC3BA6295886A /* Pods-crossword.release.xcconfig */,
				F385B66D3DE45F519CCBE722 /* Pods-crossword-crosswordUITests.debug.xcconfig */,
				741CBFD7044D6E1F194736AA /* Pods-crossword-crosswordUITests.release.xcconfig */,
				5B0411CE632F927EE4932754 /* Pods-crosswordTests.debug.xcconfig */,
				598A7822B9E659F717BD9098 /* Pods-crosswordTests.release.xcconfig */,
			);
			path = Pods;
			sourceTree = "<group>";
		};
		357FADFEA91A4646C8064A0D /* Frameworks */ = {
			isa = PBXGroup;
			children = (
				3C2B22A84A8BF047CE0D559D /* Pods_crossword.framework */,
				7F5404D41A9AA5765D9CD3AA /* Pods_crossword_crosswordUITests.framework */,
				6900BD622EC74BEFFC633BB5 /* Pods_crosswordTests.framework */,
			);
			name = Frameworks;
			sourceTree = "<group>";
		};
		AD17F05A24528DE600CA04FC /* Views */ = {
			isa = PBXGroup;
			children = (
				AD17F056244E751500CA04FC /* HomeView.swift */,
				AD17F054244D425B00CA04FC /* LoginView.swift */,
				AD6F96C22446604C007F14F9 /* RootView.swift */,
				AD17F05E2456262E00CA04FC /* LabelledDivider.swift */,
				AD17F0602456513600CA04FC /* ActivityIndicator.swift */,
				AD17F0622456A59100CA04FC /* ResetPasswordView.swift */,
				AD17F0642456AAA400CA04FC /* SignUpView.swift */,
				ADCA2417245EB71D000531E4 /* CrosswordView.swift */,
				ADDD13A6246F4F1C003BC8E9 /* CrosswordTile.swift */,
			);
			path = Views;
			sourceTree = "<group>";
		};
		AD17F05B24528DED00CA04FC /* Models */ = {
			isa = PBXGroup;
			children = (
				AD17F052244D379F00CA04FC /* User.swift */,
				ADCA241B245EB74D000531E4 /* CrosswordState.swift */,
				ADCA2421245FF64D000531E4 /* CrosswordScheme.swift */,
				ADDD13A82470EB6C003BC8E9 /* TileLoc.swift */,
			);
			path = Models;
			sourceTree = "<group>";
		};
		AD17F05C24528DF300CA04FC /* ViewModels */ = {
			isa = PBXGroup;
			children = (
				AD17F050244D367500CA04FC /* FirebaseAuth.swift */,
				AD17F06A2457A73A00CA04FC /* AppData.swift */,
				AD17F06C2457F7A400CA04FC /* HomeVM.swift */,
				AD17F06E2457F7B200CA04FC /* LoginVM.swift */,
				AD17F0702457F7C600CA04FC /* ResetPasswordVM.swift */,
				AD17F0722457F7CF00CA04FC /* RootVM.swift */,
				AD17F0742457F7EA00CA04FC /* SignUpVM.swift */,
				ADCA2419245EB73E000531E4 /* CrosswordVM.swift */,
			);
			path = ViewModels;
			sourceTree = "<group>";
		};
		AD17F05D24528E1E00CA04FC /* Utility */ = {
			isa = PBXGroup;
			children = (
				AD17F0582450D3B700CA04FC /* ValidationHelper.swift */,
				AD17F0682457A4EB00CA04FC /* Constants.swift */,
			);
			path = Utility;
			sourceTree = "<group>";
		};
		AD6F96B22446604C007F14F9 = {
			isa = PBXGroup;
			children = (
				AD6F96BD2446604C007F14F9 /* crossword */,
				AD6F96D42446604D007F14F9 /* crosswordTests */,
				AD6F96DF2446604D007F14F9 /* crosswordUITests */,
				AD6F96BC2446604C007F14F9 /* Products */,
				1EE99528529C0842D3AB26F7 /* Pods */,
				357FADFEA91A4646C8064A0D /* Frameworks */,
			);
			sourceTree = "<group>";
		};
		AD6F96BC2446604C007F14F9 /* Products */ = {
			isa = PBXGroup;
			children = (
				AD6F96BB2446604C007F14F9 /* crossword.app */,
				AD6F96D12446604D007F14F9 /* crosswordTests.xctest */,
				AD6F96DC2446604D007F14F9 /* crosswordUITests.xctest */,
			);
			name = Products;
			sourceTree = "<group>";
		};
		AD6F96BD2446604C007F14F9 /* crossword */ = {
			isa = PBXGroup;
			children = (
				AD17F05D24528E1E00CA04FC /* Utility */,
				AD17F05C24528DF300CA04FC /* ViewModels */,
				AD17F05B24528DED00CA04FC /* Models */,
				AD17F05A24528DE600CA04FC /* Views */,
				ADF6DFE7244CC5E800A3B5E3 /* GoogleService-Info.plist */,
				AD6F96BE2446604C007F14F9 /* AppDelegate.swift */,
				AD6F96C02446604C007F14F9 /* SceneDelegate.swift */,
				AD6F96C42446604D007F14F9 /* Assets.xcassets */,
				AD6F96C92446604D007F14F9 /* LaunchScreen.storyboard */,
				AD6F96CC2446604D007F14F9 /* Info.plist */,
				AD6F96C62446604D007F14F9 /* Preview Content */,
			);
			path = crossword;
			sourceTree = "<group>";
		};
		AD6F96C62446604D007F14F9 /* Preview Content */ = {
			isa = PBXGroup;
			children = (
				AD6F96C72446604D007F14F9 /* Preview Assets.xcassets */,
			);
			path = "Preview Content";
			sourceTree = "<group>";
		};
		AD6F96D42446604D007F14F9 /* crosswordTests */ = {
			isa = PBXGroup;
			children = (
				AD6F96D52446604D007F14F9 /* crosswordTests.swift */,
				AD6F96D72446604D007F14F9 /* Info.plist */,
			);
			path = crosswordTests;
			sourceTree = "<group>";
		};
		AD6F96DF2446604D007F14F9 /* crosswordUITests */ = {
			isa = PBXGroup;
			children = (
				AD6F96E02446604D007F14F9 /* crosswordUITests.swift */,
				AD6F96E22446604D007F14F9 /* Info.plist */,
			);
			path = crosswordUITests;
			sourceTree = "<group>";
		};
/* End PBXGroup section */

/* Begin PBXNativeTarget section */
		AD6F96BA2446604C007F14F9 /* crossword */ = {
			isa = PBXNativeTarget;
			buildConfigurationList = AD6F96E52446604D007F14F9 /* Build configuration list for PBXNativeTarget "crossword" */;
			buildPhases = (
				BF87F513D08DE0D2DCDEAABE /* [CP] Check Pods Manifest.lock */,
				AD6F96B72446604C007F14F9 /* Sources */,
				AD6F96B82446604C007F14F9 /* Frameworks */,
				AD6F96B92446604C007F14F9 /* Resources */,
				44D9E4991B0F1ED8FB0C9607 /* [CP] Embed Pods Frameworks */,
			);
			buildRules = (
			);
			dependencies = (
			);
			name = crossword;
			productName = crossword;
			productReference = AD6F96BB2446604C007F14F9 /* crossword.app */;
			productType = "com.apple.product-type.application";
		};
		AD6F96D02446604D007F14F9 /* crosswordTests */ = {
			isa = PBXNativeTarget;
			buildConfigurationList = AD6F96E82446604D007F14F9 /* Build configuration list for PBXNativeTarget "crosswordTests" */;
			buildPhases = (
				4E830EE2C3F397ABA0757215 /* [CP] Check Pods Manifest.lock */,
				AD6F96CD2446604D007F14F9 /* Sources */,
				AD6F96CE2446604D007F14F9 /* Frameworks */,
				AD6F96CF2446604D007F14F9 /* Resources */,
			);
			buildRules = (
			);
			dependencies = (
				AD6F96D32446604D007F14F9 /* PBXTargetDependency */,
			);
			name = crosswordTests;
			productName = crosswordTests;
			productReference = AD6F96D12446604D007F14F9 /* crosswordTests.xctest */;
			productType = "com.apple.product-type.bundle.unit-test";
		};
		AD6F96DB2446604D007F14F9 /* crosswordUITests */ = {
			isa = PBXNativeTarget;
			buildConfigurationList = AD6F96EB2446604D007F14F9 /* Build configuration list for PBXNativeTarget "crosswordUITests" */;
			buildPhases = (
				5E55FF52B4C3BDA2912D1D47 /* [CP] Check Pods Manifest.lock */,
				AD6F96D82446604D007F14F9 /* Sources */,
				AD6F96D92446604D007F14F9 /* Frameworks */,
				AD6F96DA2446604D007F14F9 /* Resources */,
				B7734CC8FECCBAA5BDB74CE9 /* [CP] Embed Pods Frameworks */,
			);
			buildRules = (
			);
			dependencies = (
				AD6F96DE2446604D007F14F9 /* PBXTargetDependency */,
			);
			name = crosswordUITests;
			productName = crosswordUITests;
			productReference = AD6F96DC2446604D007F14F9 /* crosswordUITests.xctest */;
			productType = "com.apple.product-type.bundle.ui-testing";
		};
/* End PBXNativeTarget section */

/* Begin PBXProject section */
		AD6F96B32446604C007F14F9 /* Project object */ = {
			isa = PBXProject;
			attributes = {
				LastSwiftUpdateCheck = 1140;
				LastUpgradeCheck = 1140;
				ORGANIZATIONNAME = mason;
				TargetAttributes = {
					AD6F96BA2446604C007F14F9 = {
						CreatedOnToolsVersion = 11.4;
					};
					AD6F96D02446604D007F14F9 = {
						CreatedOnToolsVersion = 11.4;
						TestTargetID = AD6F96BA2446604C007F14F9;
					};
					AD6F96DB2446604D007F14F9 = {
						CreatedOnToolsVersion = 11.4;
						TestTargetID = AD6F96BA2446604C007F14F9;
					};
				};
			};
			buildConfigurationList = AD6F96B62446604C007F14F9 /* Build configuration list for PBXProject "crossword" */;
			compatibilityVersion = "Xcode 9.3";
			developmentRegion = en;
			hasScannedForEncodings = 0;
			knownRegions = (
				en,
				Base,
			);
			mainGroup = AD6F96B22446604C007F14F9;
			productRefGroup = AD6F96BC2446604C007F14F9 /* Products */;
			projectDirPath = "";
			projectRoot = "";
			targets = (
				AD6F96BA2446604C007F14F9 /* crossword */,
				AD6F96D02446604D007F14F9 /* crosswordTests */,
				AD6F96DB2446604D007F14F9 /* crosswordUITests */,
			);
		};
/* End PBXProject section */

/* Begin PBXResourcesBuildPhase section */
		AD6F96B92446604C007F14F9 /* Resources */ = {
			isa = PBXResourcesBuildPhase;
			buildActionMask = 2147483647;
			files = (
				AD6F96CB2446604D007F14F9 /* LaunchScreen.storyboard in Resources */,
				ADF6DFE8244CC5E800A3B5E3 /* GoogleService-Info.plist in Resources */,
				AD6F96C82446604D007F14F9 /* Preview Assets.xcassets in Resources */,
				AD6F96C52446604D007F14F9 /* Assets.xcassets in Resources */,
			);
			runOnlyForDeploymentPostprocessing = 0;
		};
		AD6F96CF2446604D007F14F9 /* Resources */ = {
			isa = PBXResourcesBuildPhase;
			buildActionMask = 2147483647;
			files = (
				ADF6DFE9244CC5E800A3B5E3 /* GoogleService-Info.plist in Resources */,
			);
			runOnlyForDeploymentPostprocessing = 0;
		};
		AD6F96DA2446604D007F14F9 /* Resources */ = {
			isa = PBXResourcesBuildPhase;
			buildActionMask = 2147483647;
			files = (
				ADF6DFEA244CC5E800A3B5E3 /* GoogleService-Info.plist in Resources */,
			);
			runOnlyForDeploymentPostprocessing = 0;
		};
/* End PBXResourcesBuildPhase section */

/* Begin PBXShellScriptBuildPhase section */
		44D9E4991B0F1ED8FB0C9607 /* [CP] Embed Pods Frameworks */ = {
			isa = PBXShellScriptBuildPhase;
			buildActionMask = 2147483647;
			files = (
			);
			inputFileListPaths = (
				"${PODS_ROOT}/Target Support Files/Pods-crossword/Pods-crossword-frameworks-${CONFIGURATION}-input-files.xcfilelist",
			);
			name = "[CP] Embed Pods Frameworks";
			outputFileListPaths = (
				"${PODS_ROOT}/Target Support Files/Pods-crossword/Pods-crossword-frameworks-${CONFIGURATION}-output-files.xcfilelist",
			);
			runOnlyForDeploymentPostprocessing = 0;
			shellPath = /bin/sh;
			shellScript = "\"${PODS_ROOT}/Target Support Files/Pods-crossword/Pods-crossword-frameworks.sh\"\n";
			showEnvVarsInLog = 0;
		};
		4E830EE2C3F397ABA0757215 /* [CP] Check Pods Manifest.lock */ = {
			isa = PBXShellScriptBuildPhase;
			buildActionMask = 2147483647;
			files = (
			);
			inputFileListPaths = (
			);
			inputPaths = (
				"${PODS_PODFILE_DIR_PATH}/Podfile.lock",
				"${PODS_ROOT}/Manifest.lock",
			);
			name = "[CP] Check Pods Manifest.lock";
			outputFileListPaths = (
			);
			outputPaths = (
				"$(DERIVED_FILE_DIR)/Pods-crosswordTests-checkManifestLockResult.txt",
			);
			runOnlyForDeploymentPostprocessing = 0;
			shellPath = /bin/sh;
			shellScript = "diff \"${PODS_PODFILE_DIR_PATH}/Podfile.lock\" \"${PODS_ROOT}/Manifest.lock\" > /dev/null\nif [ $? != 0 ] ; then\n    # print error to STDERR\n    echo \"error: The sandbox is not in sync with the Podfile.lock. Run 'pod install' or update your CocoaPods installation.\" >&2\n    exit 1\nfi\n# This output is used by Xcode 'outputs' to avoid re-running this script phase.\necho \"SUCCESS\" > \"${SCRIPT_OUTPUT_FILE_0}\"\n";
			showEnvVarsInLog = 0;
		};
		5E55FF52B4C3BDA2912D1D47 /* [CP] Check Pods Manifest.lock */ = {
			isa = PBXShellScriptBuildPhase;
			buildActionMask = 2147483647;
			files = (
			);
			inputFileListPaths = (
			);
			inputPaths = (
				"${PODS_PODFILE_DIR_PATH}/Podfile.lock",
				"${PODS_ROOT}/Manifest.lock",
			);
			name = "[CP] Check Pods Manifest.lock";
			outputFileListPaths = (
			);
			outputPaths = (
				"$(DERIVED_FILE_DIR)/Pods-crossword-crosswordUITests-checkManifestLockResult.txt",
			);
			runOnlyForDeploymentPostprocessing = 0;
			shellPath = /bin/sh;
			shellScript = "diff \"${PODS_PODFILE_DIR_PATH}/Podfile.lock\" \"${PODS_ROOT}/Manifest.lock\" > /dev/null\nif [ $? != 0 ] ; then\n    # print error to STDERR\n    echo \"error: The sandbox is not in sync with the Podfile.lock. Run 'pod install' or update your CocoaPods installation.\" >&2\n    exit 1\nfi\n# This output is used by Xcode 'outputs' to avoid re-running this script phase.\necho \"SUCCESS\" > \"${SCRIPT_OUTPUT_FILE_0}\"\n";
			showEnvVarsInLog = 0;
		};
		B7734CC8FECCBAA5BDB74CE9 /* [CP] Embed Pods Frameworks */ = {
			isa = PBXShellScriptBuildPhase;
			buildActionMask = 2147483647;
			files = (
			);
			inputFileListPaths = (
				"${PODS_ROOT}/Target Support Files/Pods-crossword-crosswordUITests/Pods-crossword-crosswordUITests-frameworks-${CONFIGURATION}-input-files.xcfilelist",
			);
			name = "[CP] Embed Pods Frameworks";
			outputFileListPaths = (
				"${PODS_ROOT}/Target Support Files/Pods-crossword-crosswordUITests/Pods-crossword-crosswordUITests-frameworks-${CONFIGURATION}-output-files.xcfilelist",
			);
			runOnlyForDeploymentPostprocessing = 0;
			shellPath = /bin/sh;
			shellScript = "\"${PODS_ROOT}/Target Support Files/Pods-crossword-crosswordUITests/Pods-crossword-crosswordUITests-frameworks.sh\"\n";
			showEnvVarsInLog = 0;
		};
		BF87F513D08DE0D2DCDEAABE /* [CP] Check Pods Manifest.lock */ = {
			isa = PBXShellScriptBuildPhase;
			buildActionMask = 2147483647;
			files = (
			);
			inputFileListPaths = (
			);
			inputPaths = (
				"${PODS_PODFILE_DIR_PATH}/Podfile.lock",
				"${PODS_ROOT}/Manifest.lock",
			);
			name = "[CP] Check Pods Manifest.lock";
			outputFileListPaths = (
			);
			outputPaths = (
				"$(DERIVED_FILE_DIR)/Pods-crossword-checkManifestLockResult.txt",
			);
			runOnlyForDeploymentPostprocessing = 0;
			shellPath = /bin/sh;
			shellScript = "diff \"${PODS_PODFILE_DIR_PATH}/Podfile.lock\" \"${PODS_ROOT}/Manifest.lock\" > /dev/null\nif [ $? != 0 ] ; then\n    # print error to STDERR\n    echo \"error: The sandbox is not in sync with the Podfile.lock. Run 'pod install' or update your CocoaPods installation.\" >&2\n    exit 1\nfi\n# This output is used by Xcode 'outputs' to avoid re-running this script phase.\necho \"SUCCESS\" > \"${SCRIPT_OUTPUT_FILE_0}\"\n";
			showEnvVarsInLog = 0;
		};
/* End PBXShellScriptBuildPhase section */

/* Begin PBXSourcesBuildPhase section */
		AD6F96B72446604C007F14F9 /* Sources */ = {
			isa = PBXSourcesBuildPhase;
			buildActionMask = 2147483647;
			files = (
				AD17F055244D425B00CA04FC /* LoginView.swift in Sources */,
				AD17F0632456A59100CA04FC /* ResetPasswordView.swift in Sources */,
				ADDD13A7246F4F1C003BC8E9 /* CrosswordTile.swift in Sources */,
				AD17F0612456513600CA04FC /* ActivityIndicator.swift in Sources */,
				ADCA2418245EB71D000531E4 /* CrosswordView.swift in Sources */,
				ADCA2422245FF64D000531E4 /* CrosswordScheme.swift in Sources */,
				AD17F05F2456262E00CA04FC /* LabelledDivider.swift in Sources */,
				AD17F06F2457F7B200CA04FC /* LoginVM.swift in Sources */,
				AD17F0652456AAA400CA04FC /* SignUpView.swift in Sources */,
				ADDD13A92470EB6C003BC8E9 /* TileLoc.swift in Sources */,
				AD17F0732457F7CF00CA04FC /* RootVM.swift in Sources */,
				AD17F057244E751500CA04FC /* HomeView.swift in Sources */,
				AD17F06D2457F7A400CA04FC /* HomeVM.swift in Sources */,
				ADCA241C245EB74D000531E4 /* CrosswordState.swift in Sources */,
				AD6F96BF2446604C007F14F9 /* AppDelegate.swift in Sources */,
				AD17F0692457A4EC00CA04FC /* Constants.swift in Sources */,
				AD6F96C12446604C007F14F9 /* SceneDelegate.swift in Sources */,
				AD17F0592450D3B700CA04FC /* ValidationHelper.swift in Sources */,
				AD17F051244D367500CA04FC /* FirebaseAuth.swift in Sources */,
				ADCA241A245EB73E000531E4 /* CrosswordVM.swift in Sources */,
				AD17F053244D379F00CA04FC /* User.swift in Sources */,
				AD6F96C32446604C007F14F9 /* RootView.swift in Sources */,
				AD17F0752457F7EA00CA04FC /* SignUpVM.swift in Sources */,
				AD17F06B2457A73A00CA04FC /* AppData.swift in Sources */,
				AD17F0712457F7C600CA04FC /* ResetPasswordVM.swift in Sources */,
			);
			runOnlyForDeploymentPostprocessing = 0;
		};
		AD6F96CD2446604D007F14F9 /* Sources */ = {
			isa = PBXSourcesBuildPhase;
			buildActionMask = 2147483647;
			files = (
				AD6F96D62446604D007F14F9 /* crosswordTests.swift in Sources */,
			);
			runOnlyForDeploymentPostprocessing = 0;
		};
		AD6F96D82446604D007F14F9 /* Sources */ = {
			isa = PBXSourcesBuildPhase;
			buildActionMask = 2147483647;
			files = (
				AD6F96E12446604D007F14F9 /* crosswordUITests.swift in Sources */,
			);
			runOnlyForDeploymentPostprocessing = 0;
		};
/* End PBXSourcesBuildPhase section */

/* Begin PBXTargetDependency section */
		AD6F96D32446604D007F14F9 /* PBXTargetDependency */ = {
			isa = PBXTargetDependency;
			target = AD6F96BA2446604C007F14F9 /* crossword */;
			targetProxy = AD6F96D22446604D007F14F9 /* PBXContainerItemProxy */;
		};
		AD6F96DE2446604D007F14F9 /* PBXTargetDependency */ = {
			isa = PBXTargetDependency;
			target = AD6F96BA2446604C007F14F9 /* crossword */;
			targetProxy = AD6F96DD2446604D007F14F9 /* PBXContainerItemProxy */;
		};
/* End PBXTargetDependency section */

/* Begin PBXVariantGroup section */
		AD6F96C92446604D007F14F9 /* LaunchScreen.storyboard */ = {
			isa = PBXVariantGroup;
			children = (
				AD6F96CA2446604D007F14F9 /* Base */,
			);
			name = LaunchScreen.storyboard;
			sourceTree = "<group>";
		};
/* End PBXVariantGroup section */

/* Begin XCBuildConfiguration section */
		AD6F96E32446604D007F14F9 /* Debug */ = {
			isa = XCBuildConfiguration;
			buildSettings = {
				ALWAYS_SEARCH_USER_PATHS = NO;
				CLANG_ANALYZER_NONNULL = YES;
				CLANG_ANALYZER_NUMBER_OBJECT_CONVERSION = YES_AGGRESSIVE;
				CLANG_CXX_LANGUAGE_STANDARD = "gnu++14";
				CLANG_CXX_LIBRARY = "libc++";
				CLANG_ENABLE_MODULES = YES;
				CLANG_ENABLE_OBJC_ARC = YES;
				CLANG_ENABLE_OBJC_WEAK = YES;
				CLANG_WARN_BLOCK_CAPTURE_AUTORELEASING = YES;
				CLANG_WARN_BOOL_CONVERSION = YES;
				CLANG_WARN_COMMA = YES;
				CLANG_WARN_CONSTANT_CONVERSION = YES;
				CLANG_WARN_DEPRECATED_OBJC_IMPLEMENTATIONS = YES;
				CLANG_WARN_DIRECT_OBJC_ISA_USAGE = YES_ERROR;
				CLANG_WARN_DOCUMENTATION_COMMENTS = YES;
				CLANG_WARN_EMPTY_BODY = YES;
				CLANG_WARN_ENUM_CONVERSION = YES;
				CLANG_WARN_INFINITE_RECURSION = YES;
				CLANG_WARN_INT_CONVERSION = YES;
				CLANG_WARN_NON_LITERAL_NULL_CONVERSION = YES;
				CLANG_WARN_OBJC_IMPLICIT_RETAIN_SELF = YES;
				CLANG_WARN_OBJC_LITERAL_CONVERSION = YES;
				CLANG_WARN_OBJC_ROOT_CLASS = YES_ERROR;
				CLANG_WARN_RANGE_LOOP_ANALYSIS = YES;
				CLANG_WARN_STRICT_PROTOTYPES = YES;
				CLANG_WARN_SUSPICIOUS_MOVE = YES;
				CLANG_WARN_UNGUARDED_AVAILABILITY = YES_AGGRESSIVE;
				CLANG_WARN_UNREACHABLE_CODE = YES;
				CLANG_WARN__DUPLICATE_METHOD_MATCH = YES;
				COPY_PHASE_STRIP = NO;
				DEBUG_INFORMATION_FORMAT = dwarf;
				ENABLE_STRICT_OBJC_MSGSEND = YES;
				ENABLE_TESTABILITY = YES;
				GCC_C_LANGUAGE_STANDARD = gnu11;
				GCC_DYNAMIC_NO_PIC = NO;
				GCC_NO_COMMON_BLOCKS = YES;
				GCC_OPTIMIZATION_LEVEL = 0;
				GCC_PREPROCESSOR_DEFINITIONS = (
					"DEBUG=1",
					"$(inherited)",
				);
				GCC_WARN_64_TO_32_BIT_CONVERSION = YES;
				GCC_WARN_ABOUT_RETURN_TYPE = YES_ERROR;
				GCC_WARN_UNDECLARED_SELECTOR = YES;
				GCC_WARN_UNINITIALIZED_AUTOS = YES_AGGRESSIVE;
				GCC_WARN_UNUSED_FUNCTION = YES;
				GCC_WARN_UNUSED_VARIABLE = YES;
				IPHONEOS_DEPLOYMENT_TARGET = 13.4;
				MTL_ENABLE_DEBUG_INFO = INCLUDE_SOURCE;
				MTL_FAST_MATH = YES;
				ONLY_ACTIVE_ARCH = YES;
				SDKROOT = iphoneos;
				SWIFT_ACTIVE_COMPILATION_CONDITIONS = DEBUG;
				SWIFT_OPTIMIZATION_LEVEL = "-Onone";
			};
			name = Debug;
		};
		AD6F96E42446604D007F14F9 /* Release */ = {
			isa = XCBuildConfiguration;
			buildSettings = {
				ALWAYS_SEARCH_USER_PATHS = NO;
				CLANG_ANALYZER_NONNULL = YES;
				CLANG_ANALYZER_NUMBER_OBJECT_CONVERSION = YES_AGGRESSIVE;
				CLANG_CXX_LANGUAGE_STANDARD = "gnu++14";
				CLANG_CXX_LIBRARY = "libc++";
				CLANG_ENABLE_MODULES = YES;
				CLANG_ENABLE_OBJC_ARC = YES;
				CLANG_ENABLE_OBJC_WEAK = YES;
				CLANG_WARN_BLOCK_CAPTURE_AUTORELEASING = YES;
				CLANG_WARN_BOOL_CONVERSION = YES;
				CLANG_WARN_COMMA = YES;
				CLANG_WARN_CONSTANT_CONVERSION = YES;
				CLANG_WARN_DEPRECATED_OBJC_IMPLEMENTATIONS = YES;
				CLANG_WARN_DIRECT_OBJC_ISA_USAGE = YES_ERROR;
				CLANG_WARN_DOCUMENTATION_COMMENTS = YES;
				CLANG_WARN_EMPTY_BODY = YES;
				CLANG_WARN_ENUM_CONVERSION = YES;
				CLANG_WARN_INFINITE_RECURSION = YES;
				CLANG_WARN_INT_CONVERSION = YES;
				CLANG_WARN_NON_LITERAL_NULL_CONVERSION = YES;
				CLANG_WARN_OBJC_IMPLICIT_RETAIN_SELF = YES;
				CLANG_WARN_OBJC_LITERAL_CONVERSION = YES;
				CLANG_WARN_OBJC_ROOT_CLASS = YES_ERROR;
				CLANG_WARN_RANGE_LOOP_ANALYSIS = YES;
				CLANG_WARN_STRICT_PROTOTYPES = YES;
				CLANG_WARN_SUSPICIOUS_MOVE = YES;
				CLANG_WARN_UNGUARDED_AVAILABILITY = YES_AGGRESSIVE;
				CLANG_WARN_UNREACHABLE_CODE = YES;
				CLANG_WARN__DUPLICATE_METHOD_MATCH = YES;
				COPY_PHASE_STRIP = NO;
				DEBUG_INFORMATION_FORMAT = "dwarf-with-dsym";
				ENABLE_NS_ASSERTIONS = NO;
				ENABLE_STRICT_OBJC_MSGSEND = YES;
				GCC_C_LANGUAGE_STANDARD = gnu11;
				GCC_NO_COMMON_BLOCKS = YES;
				GCC_WARN_64_TO_32_BIT_CONVERSION = YES;
				GCC_WARN_ABOUT_RETURN_TYPE = YES_ERROR;
				GCC_WARN_UNDECLARED_SELECTOR = YES;
				GCC_WARN_UNINITIALIZED_AUTOS = YES_AGGRESSIVE;
				GCC_WARN_UNUSED_FUNCTION = YES;
				GCC_WARN_UNUSED_VARIABLE = YES;
				IPHONEOS_DEPLOYMENT_TARGET = 13.4;
				MTL_ENABLE_DEBUG_INFO = NO;
				MTL_FAST_MATH = YES;
				SDKROOT = iphoneos;
				SWIFT_COMPILATION_MODE = wholemodule;
				SWIFT_OPTIMIZATION_LEVEL = "-O";
				VALIDATE_PRODUCT = YES;
			};
			name = Release;
		};
		AD6F96E62446604D007F14F9 /* Debug */ = {
			isa = XCBuildConfiguration;
			baseConfigurationReference = 3F1F02229CD1B4805DA172ED /* Pods-crossword.debug.xcconfig */;
			buildSettings = {
				ASSETCATALOG_COMPILER_APPICON_NAME = AppIcon;
				CODE_SIGN_STYLE = Automatic;
				DEVELOPMENT_ASSET_PATHS = "\"crossword/Preview Content\"";
				DEVELOPMENT_TEAM = M562C49PNK;
				ENABLE_PREVIEWS = YES;
				INFOPLIST_FILE = crossword/Info.plist;
				LD_RUNPATH_SEARCH_PATHS = (
					"$(inherited)",
					"@executable_path/Frameworks",
				);
				PRODUCT_BUNDLE_IDENTIFIER = com.xwordcollab.ios;
				PRODUCT_NAME = "$(TARGET_NAME)";
				SWIFT_VERSION = 5.0;
				TARGETED_DEVICE_FAMILY = "1,2";
			};
			name = Debug;
		};
		AD6F96E72446604D007F14F9 /* Release */ = {
			isa = XCBuildConfiguration;
			baseConfigurationReference = 051B94165EFAC3BA6295886A /* Pods-crossword.release.xcconfig */;
			buildSettings = {
				ASSETCATALOG_COMPILER_APPICON_NAME = AppIcon;
				CODE_SIGN_STYLE = Automatic;
				DEVELOPMENT_ASSET_PATHS = "\"crossword/Preview Content\"";
				DEVELOPMENT_TEAM = M562C49PNK;
				ENABLE_PREVIEWS = YES;
				INFOPLIST_FILE = crossword/Info.plist;
				LD_RUNPATH_SEARCH_PATHS = (
					"$(inherited)",
					"@executable_path/Frameworks",
				);
				PRODUCT_BUNDLE_IDENTIFIER = com.xwordcollab.ios;
				PRODUCT_NAME = "$(TARGET_NAME)";
				SWIFT_VERSION = 5.0;
				TARGETED_DEVICE_FAMILY = "1,2";
			};
			name = Release;
		};
		AD6F96E92446604D007F14F9 /* Debug */ = {
			isa = XCBuildConfiguration;
			baseConfigurationReference = 5B0411CE632F927EE4932754 /* Pods-crosswordTests.debug.xcconfig */;
			buildSettings = {
				ALWAYS_EMBED_SWIFT_STANDARD_LIBRARIES = YES;
				BUNDLE_LOADER = "$(TEST_HOST)";
				CODE_SIGN_STYLE = Automatic;
				INFOPLIST_FILE = crosswordTests/Info.plist;
				IPHONEOS_DEPLOYMENT_TARGET = 13.4;
				LD_RUNPATH_SEARCH_PATHS = (
					"$(inherited)",
					"@executable_path/Frameworks",
					"@loader_path/Frameworks",
				);
				PRODUCT_BUNDLE_IDENTIFIER = com.example.mason.crosswordTests;
				PRODUCT_NAME = "$(TARGET_NAME)";
				SWIFT_VERSION = 5.0;
				TARGETED_DEVICE_FAMILY = "1,2";
				TEST_HOST = "$(BUILT_PRODUCTS_DIR)/crossword.app/crossword";
			};
			name = Debug;
		};
		AD6F96EA2446604D007F14F9 /* Release */ = {
			isa = XCBuildConfiguration;
			baseConfigurationReference = 598A7822B9E659F717BD9098 /* Pods-crosswordTests.release.xcconfig */;
			buildSettings = {
				ALWAYS_EMBED_SWIFT_STANDARD_LIBRARIES = YES;
				BUNDLE_LOADER = "$(TEST_HOST)";
				CODE_SIGN_STYLE = Automatic;
				INFOPLIST_FILE = crosswordTests/Info.plist;
				IPHONEOS_DEPLOYMENT_TARGET = 13.4;
				LD_RUNPATH_SEARCH_PATHS = (
					"$(inherited)",
					"@executable_path/Frameworks",
					"@loader_path/Frameworks",
				);
				PRODUCT_BUNDLE_IDENTIFIER = com.example.mason.crosswordTests;
				PRODUCT_NAME = "$(TARGET_NAME)";
				SWIFT_VERSION = 5.0;
				TARGETED_DEVICE_FAMILY = "1,2";
				TEST_HOST = "$(BUILT_PRODUCTS_DIR)/crossword.app/crossword";
			};
			name = Release;
		};
		AD6F96EC2446604D007F14F9 /* Debug */ = {
			isa = XCBuildConfiguration;
			baseConfigurationReference = F385B66D3DE45F519CCBE722 /* Pods-crossword-crosswordUITests.debug.xcconfig */;
			buildSettings = {
				ALWAYS_EMBED_SWIFT_STANDARD_LIBRARIES = YES;
				CODE_SIGN_STYLE = Automatic;
				INFOPLIST_FILE = crosswordUITests/Info.plist;
				LD_RUNPATH_SEARCH_PATHS = (
					"$(inherited)",
					"@executable_path/Frameworks",
					"@loader_path/Frameworks",
				);
				PRODUCT_BUNDLE_IDENTIFIER = com.example.mason.crosswordUITests;
				PRODUCT_NAME = "$(TARGET_NAME)";
				SWIFT_VERSION = 5.0;
				TARGETED_DEVICE_FAMILY = "1,2";
				TEST_TARGET_NAME = crossword;
			};
			name = Debug;
		};
		AD6F96ED2446604D007F14F9 /* Release */ = {
			isa = XCBuildConfiguration;
			baseConfigurationReference = 741CBFD7044D6E1F194736AA /* Pods-crossword-crosswordUITests.release.xcconfig */;
			buildSettings = {
				ALWAYS_EMBED_SWIFT_STANDARD_LIBRARIES = YES;
				CODE_SIGN_STYLE = Automatic;
				INFOPLIST_FILE = crosswordUITests/Info.plist;
				LD_RUNPATH_SEARCH_PATHS = (
					"$(inherited)",
					"@executable_path/Frameworks",
					"@loader_path/Frameworks",
				);
				PRODUCT_BUNDLE_IDENTIFIER = com.example.mason.crosswordUITests;
				PRODUCT_NAME = "$(TARGET_NAME)";
				SWIFT_VERSION = 5.0;
				TARGETED_DEVICE_FAMILY = "1,2";
				TEST_TARGET_NAME = crossword;
			};
			name = Release;
		};
/* End XCBuildConfiguration section */

/* Begin XCConfigurationList section */
		AD6F96B62446604C007F14F9 /* Build configuration list for PBXProject "crossword" */ = {
			isa = XCConfigurationList;
			buildConfigurations = (
				AD6F96E32446604D007F14F9 /* Debug */,
				AD6F96E42446604D007F14F9 /* Release */,
			);
			defaultConfigurationIsVisible = 0;
			defaultConfigurationName = Release;
		};
		AD6F96E52446604D007F14F9 /* Build configuration list for PBXNativeTarget "crossword" */ = {
			isa = XCConfigurationList;
			buildConfigurations = (
				AD6F96E62446604D007F14F9 /* Debug */,
				AD6F96E72446604D007F14F9 /* Release */,
			);
			defaultConfigurationIsVisible = 0;
			defaultConfigurationName = Release;
		};
		AD6F96E82446604D007F14F9 /* Build configuration list for PBXNativeTarget "crosswordTests" */ = {
			isa = XCConfigurationList;
			buildConfigurations = (
				AD6F96E92446604D007F14F9 /* Debug */,
				AD6F96EA2446604D007F14F9 /* Release */,
			);
			defaultConfigurationIsVisible = 0;
			defaultConfigurationName = Release;
		};
		AD6F96EB2446604D007F14F9 /* Build configuration list for PBXNativeTarget "crosswordUITests" */ = {
			isa = XCConfigurationList;
			buildConfigurations = (
				AD6F96EC2446604D007F14F9 /* Debug */,
				AD6F96ED2446604D007F14F9 /* Release */,
			);
			defaultConfigurationIsVisible = 0;
			defaultConfigurationName = Release;
		};
/* End XCConfigurationList section */
	};
	rootObject = AD6F96B32446604C007F14F9 /* Project object */;
}
